
Microsoft Visual Studio Solution File, Format Version 12.00
# Visual Studio Version 17
VisualStudioVersion = 17.9.34616.47
MinimumVisualStudioVersion = 10.0.40219.1
Project("{FAE04EC0-301F-11D3-BF4B-00C04F79EFBC}") = "UnitFifth_InCSharp", "UnitFifth_InCSharp\UnitFifth_InCSharp.csproj", "{0390DF7E-2A40-4BBC-B0D3-EB8DF2E7D3A3}"
EndProject
Global
	GlobalSection(SolutionConfigurationPlatforms) = preSolution
		Debug|Any CPU = Debug|Any CPU
		Release|Any CPU = Release|Any CPU
	EndGlobalSection
	GlobalSection(ProjectConfigurationPlatforms) = postSolution
		{0390DF7E-2A40-4BBC-B0D3-EB8DF2E7D3A3}.Debug|Any CPU.ActiveCfg = Debug|Any CPU
		{0390DF7E-2A40-4BBC-B0D3-EB8DF2E7D3A3}.Debug|Any CPU.Build.0 = Debug|Any CPU
		{0390DF7E-2A40-4BBC-B0D3-EB8DF2E7D3A3}.Release|Any CPU.ActiveCfg = Release|Any CPU
		{0390DF7E-2A40-4BBC-B0D3-EB8DF2E7D3A3}.Release|Any CPU.Build.0 = Release|Any CPU
	EndGlobalSection
	GlobalSection(SolutionProperties) = preSolution
		HideSolutionNode = FALSE
	EndGlobalSection
	GlobalSection(ExtensibilityGlobals) = postSolution
		SolutionGuid = {F89F6EF6-95B5-4243-AD20-69795851B3B6}
	EndGlobalSection
EndGlobal
